
Microsoft Visual Studio Solution File, Format Version 12.00
# Visual Studio Version 17
VisualStudioVersion = 17.1.32328.378
MinimumVisualStudioVersion = 10.0.40219.1
Project("{FAE04EC0-301F-11D3-BF4B-00C04F79EFBC}") = "RMDataManager", "RMDataManager\RMDataManager.csproj", "{BAE74F10-F662-46A2-9F58-A9EEB7C11156}"
EndProject
Project("{00D1A9C2-B5F0-4AF3-8072-F6C62B433612}") = "RMData", "RMData\RMData.sqlproj", "{B4662538-36B1-4B56-BBDA-30D1CE1FE6A9}"
EndProject
Project("{FAE04EC0-301F-11D3-BF4B-00C04F79EFBC}") = "RMDesktopUI", "RMDesktopUI\RMDesktopUI.csproj", "{43CEB664-EECF-4C55-AB97-B31AFB01FF7E}"
EndProject
Project("{FAE04EC0-301F-11D3-BF4B-00C04F79EFBC}") = "RMDataManager.Library", "RMDataManager.Library\RMDataManager.Library.csproj", "{A32820C9-06B0-4B03-9971-B8D1C0C3D0EE}"
EndProject
Project("{FAE04EC0-301F-11D3-BF4B-00C04F79EFBC}") = "RMDesktopUI.Library", "RMDesktopUI.Library\RMDesktopUI.Library.csproj", "{93CD775E-BA37-4A66-AF04-12830008D87B}"
EndProject
Project("{2150E333-8FDC-42A3-9474-1A3956D46DE8}") = "Database", "Database", "{35AD49C0-D5D2-4F85-8690-F4D2F13E6DE4}"
EndProject
Project("{2150E333-8FDC-42A3-9474-1A3956D46DE8}") = "API", "API", "{8EB41932-C069-4B88-9134-D27158CB17DF}"
EndProject
Project("{2150E333-8FDC-42A3-9474-1A3956D46DE8}") = "WPF", "WPF", "{CFBF1580-A669-4267-B68E-E9BA75FDE384}"
EndProject
Project("{FAE04EC0-301F-11D3-BF4B-00C04F79EFBC}") = "RMApi", "RMApi\RMApi.csproj", "{12B6A83B-1FEB-428F-A9D6-F93734584059}"
EndProject
Global
	GlobalSection(SolutionConfigurationPlatforms) = preSolution
		Debug|Any CPU = Debug|Any CPU
		Release|Any CPU = Release|Any CPU
	EndGlobalSection
	GlobalSection(ProjectConfigurationPlatforms) = postSolution
		{BAE74F10-F662-46A2-9F58-A9EEB7C11156}.Debug|Any CPU.ActiveCfg = Debug|Any CPU
		{BAE74F10-F662-46A2-9F58-A9EEB7C11156}.Debug|Any CPU.Build.0 = Debug|Any CPU
		{BAE74F10-F662-46A2-9F58-A9EEB7C11156}.Release|Any CPU.ActiveCfg = Release|Any CPU
		{BAE74F10-F662-46A2-9F58-A9EEB7C11156}.Release|Any CPU.Build.0 = Release|Any CPU
		{B4662538-36B1-4B56-BBDA-30D1CE1FE6A9}.Debug|Any CPU.ActiveCfg = Debug|Any CPU
		{B4662538-36B1-4B56-BBDA-30D1CE1FE6A9}.Debug|Any CPU.Build.0 = Debug|Any CPU
		{B4662538-36B1-4B56-BBDA-30D1CE1FE6A9}.Debug|Any CPU.Deploy.0 = Debug|Any CPU
		{B4662538-36B1-4B56-BBDA-30D1CE1FE6A9}.Release|Any CPU.ActiveCfg = Release|Any CPU
		{B4662538-36B1-4B56-BBDA-30D1CE1FE6A9}.Release|Any CPU.Build.0 = Release|Any CPU
		{B4662538-36B1-4B56-BBDA-30D1CE1FE6A9}.Release|Any CPU.Deploy.0 = Release|Any CPU
		{43CEB664-EECF-4C55-AB97-B31AFB01FF7E}.Debug|Any CPU.ActiveCfg = Debug|Any CPU
		{43CEB664-EECF-4C55-AB97-B31AFB01FF7E}.Debug|Any CPU.Build.0 = Debug|Any CPU
		{43CEB664-EECF-4C55-AB97-B31AFB01FF7E}.Release|Any CPU.ActiveCfg = Release|Any CPU
		{43CEB664-EECF-4C55-AB97-B31AFB01FF7E}.Release|Any CPU.Build.0 = Release|Any CPU
		{A32820C9-06B0-4B03-9971-B8D1C0C3D0EE}.Debug|Any CPU.ActiveCfg = Debug|Any CPU
		{A32820C9-06B0-4B03-9971-B8D1C0C3D0EE}.Debug|Any CPU.Build.0 = Debug|Any CPU
		{A32820C9-06B0-4B03-9971-B8D1C0C3D0EE}.Release|Any CPU.ActiveCfg = Release|Any CPU
		{A32820C9-06B0-4B03-9971-B8D1C0C3D0EE}.Release|Any CPU.Build.0 = Release|Any CPU
		{93CD775E-BA37-4A66-AF04-12830008D87B}.Debug|Any CPU.ActiveCfg = Debug|Any CPU
		{93CD775E-BA37-4A66-AF04-12830008D87B}.Debug|Any CPU.Build.0 = Debug|Any CPU
		{93CD775E-BA37-4A66-AF04-12830008D87B}.Release|Any CPU.ActiveCfg = Release|Any CPU
		{93CD775E-BA37-4A66-AF04-12830008D87B}.Release|Any CPU.Build.0 = Release|Any CPU
		{12B6A83B-1FEB-428F-A9D6-F93734584059}.Debug|Any CPU.ActiveCfg = Debug|Any CPU
		{12B6A83B-1FEB-428F-A9D6-F93734584059}.Debug|Any CPU.Build.0 = Debug|Any CPU
		{12B6A83B-1FEB-428F-A9D6-F93734584059}.Release|Any CPU.ActiveCfg = Release|Any CPU
		{12B6A83B-1FEB-428F-A9D6-F93734584059}.Release|Any CPU.Build.0 = Release|Any CPU
	EndGlobalSection
	GlobalSection(SolutionProperties) = preSolution
		HideSolutionNode = FALSE
	EndGlobalSection
	GlobalSection(NestedProjects) = preSolution
		{BAE74F10-F662-46A2-9F58-A9EEB7C11156} = {8EB41932-C069-4B88-9134-D27158CB17DF}
		{B4662538-36B1-4B56-BBDA-30D1CE1FE6A9} = {35AD49C0-D5D2-4F85-8690-F4D2F13E6DE4}
		{43CEB664-EECF-4C55-AB97-B31AFB01FF7E} = {CFBF1580-A669-4267-B68E-E9BA75FDE384}
		{A32820C9-06B0-4B03-9971-B8D1C0C3D0EE} = {8EB41932-C069-4B88-9134-D27158CB17DF}
		{93CD775E-BA37-4A66-AF04-12830008D87B} = {CFBF1580-A669-4267-B68E-E9BA75FDE384}
		{12B6A83B-1FEB-428F-A9D6-F93734584059} = {8EB41932-C069-4B88-9134-D27158CB17DF}
	EndGlobalSection
	GlobalSection(ExtensibilityGlobals) = postSolution
		SolutionGuid = {743596ED-3179-4D3E-8DBE-FF93D9BF3515}
	EndGlobalSection
EndGlobal
